
Microsoft Visual Studio Solution File, Format Version 12.00
Project("{FAE04EC0-301F-11D3-BF4B-00C04F79EFBC}") = "TestTask_SpecFlow", "TestTask_SpecFlow\TestTask_SpecFlow.csproj", "{EA9DA3FD-5978-4BBA-A2EF-2A5B3AE7BB3E}"
EndProject
Global
	GlobalSection(SolutionConfigurationPlatforms) = preSolution
		Debug|Any CPU = Debug|Any CPU
		Release|Any CPU = Release|Any CPU
	EndGlobalSection
	GlobalSection(ProjectConfigurationPlatforms) = postSolution
		{EA9DA3FD-5978-4BBA-A2EF-2A5B3AE7BB3E}.Debug|Any CPU.ActiveCfg = Debug|Any CPU
		{EA9DA3FD-5978-4BBA-A2EF-2A5B3AE7BB3E}.Debug|Any CPU.Build.0 = Debug|Any CPU
		{EA9DA3FD-5978-4BBA-A2EF-2A5B3AE7BB3E}.Release|Any CPU.ActiveCfg = Release|Any CPU
		{EA9DA3FD-5978-4BBA-A2EF-2A5B3AE7BB3E}.Release|Any CPU.Build.0 = Release|Any CPU
	EndGlobalSection
EndGlobal
